
Microsoft Visual Studio Solution File, Format Version 12.00
Project("{FAE04EC0-301F-11D3-BF4B-00C04F79EFBC}") = "TgBot", "TgBot\TgBot.csproj", "{7FAFED44-0776-4CF1-8A1C-CDF32F2EEBAD}"
EndProject
Project("{FAE04EC0-301F-11D3-BF4B-00C04F79EFBC}") = "HttpRequestPlayground", "HttpRequestPlayground\HttpRequestPlayground.csproj", "{C24692EC-AC37-43E2-81D2-C25EA6A8AFBB}"
EndProject
Project("{FAE04EC0-301F-11D3-BF4B-00C04F79EFBC}") = "AutofacPlaygroundable", "AutofacPlaygroundable\AutofacPlaygroundable.csproj", "{5905AA8C-414C-48E0-8243-3DAB9C702A7F}"
EndProject
Project("{FAE04EC0-301F-11D3-BF4B-00C04F79EFBC}") = "ConsolePlayground", "ConsolePlayground\ConsolePlayground.csproj", "{3225312E-5E1B-48C7-9C5C-85DF9944025A}"
EndProject
Project("{FAE04EC0-301F-11D3-BF4B-00C04F79EFBC}") = "LoggingPlayground", "LoggingPlayground\LoggingPlayground.csproj", "{7275A0A6-7F20-47AD-9F7A-22C4BA732504}"
EndProject
Project("{FAE04EC0-301F-11D3-BF4B-00C04F79EFBC}") = "FfmpegPlayground", "FfmpegPlayground\FfmpegPlayground.csproj", "{8E4585D8-3397-4FD1-8E23-82545BF44E26}"
EndProject
Project("{FAE04EC0-301F-11D3-BF4B-00C04F79EFBC}") = "BenchmarkPlayground", "BenchmarkPlayground\BenchmarkPlayground.csproj", "{AD8D2872-10AD-4ED0-999A-9EF7D4DD8EB0}"
EndProject
Project("{FAE04EC0-301F-11D3-BF4B-00C04F79EFBC}") = "FluentNHibernatePlayground", "FluentNHibernatePlayground\FluentNHibernatePlayground.csproj", "{50EDBD8A-0A5E-48EE-A9BA-BA490D852F64}"
EndProject
Project("{FAE04EC0-301F-11D3-BF4B-00C04F79EFBC}") = "Infrastructure.DataAccess", "Infrastructure.DataAccess\Infrastructure.DataAccess.csproj", "{097D690B-C845-4B16-9E6C-3846AD53C4F1}"
EndProject
Project("{FAE04EC0-301F-11D3-BF4B-00C04F79EFBC}") = "XmlPlayground", "XmlPlayground\XmlPlayground.csproj", "{AE672C11-B828-4D57-9F98-C6A9949DFECF}"
EndProject
Project("{FAE04EC0-301F-11D3-BF4B-00C04F79EFBC}") = "Infrastructure.Seedwork", "Infrastructure.Seedwork\Infrastructure.Seedwork.csproj", "{F2B20275-9895-459B-8EDD-B6DE124D5EAD}"
EndProject
Project("{FAE04EC0-301F-11D3-BF4B-00C04F79EFBC}") = "Asp.NetPlayground", "Asp.NetPlayground\Asp.NetPlayground.csproj", "{EDEE2370-FD76-4212-B2F2-9A76F4883AED}"
EndProject
Project("{FAE04EC0-301F-11D3-BF4B-00C04F79EFBC}") = "AlgsPlayground", "AlgsPlayground\AlgsPlayground.csproj", "{79DA61EE-EE76-41C3-8D0B-6B973F3892CE}"
EndProject
Project("{FAE04EC0-301F-11D3-BF4B-00C04F79EFBC}") = "PatternsPlayground", "PatternsPlayground\PatternsPlayground.csproj", "{C36B5696-BD2C-4892-82A4-25C8F9E4F180}"
EndProject
Project("{FAE04EC0-301F-11D3-BF4B-00C04F79EFBC}") = "SourceGeneratorsPlayground", "SourceGeneratorsPlayground\SourceGeneratorsPlayground.csproj", "{9151545A-B782-4334-9230-ADD25F7CA62B}"
EndProject
Project("{FAE04EC0-301F-11D3-BF4B-00C04F79EFBC}") = "SourceGenerator", "SourceGenerator\SourceGenerator.csproj", "{06BA653F-4A8A-417F-AF06-C31E7436A813}"
EndProject
Global
	GlobalSection(SolutionConfigurationPlatforms) = preSolution
		Debug|Any CPU = Debug|Any CPU
		Release|Any CPU = Release|Any CPU
	EndGlobalSection
	GlobalSection(ProjectConfigurationPlatforms) = postSolution
		{7FAFED44-0776-4CF1-8A1C-CDF32F2EEBAD}.Debug|Any CPU.ActiveCfg = Debug|Any CPU
		{7FAFED44-0776-4CF1-8A1C-CDF32F2EEBAD}.Debug|Any CPU.Build.0 = Debug|Any CPU
		{7FAFED44-0776-4CF1-8A1C-CDF32F2EEBAD}.Release|Any CPU.ActiveCfg = Release|Any CPU
		{7FAFED44-0776-4CF1-8A1C-CDF32F2EEBAD}.Release|Any CPU.Build.0 = Release|Any CPU
		{C24692EC-AC37-43E2-81D2-C25EA6A8AFBB}.Debug|Any CPU.ActiveCfg = Debug|Any CPU
		{C24692EC-AC37-43E2-81D2-C25EA6A8AFBB}.Debug|Any CPU.Build.0 = Debug|Any CPU
		{C24692EC-AC37-43E2-81D2-C25EA6A8AFBB}.Release|Any CPU.ActiveCfg = Release|Any CPU
		{C24692EC-AC37-43E2-81D2-C25EA6A8AFBB}.Release|Any CPU.Build.0 = Release|Any CPU
		{5905AA8C-414C-48E0-8243-3DAB9C702A7F}.Debug|Any CPU.ActiveCfg = Debug|Any CPU
		{5905AA8C-414C-48E0-8243-3DAB9C702A7F}.Debug|Any CPU.Build.0 = Debug|Any CPU
		{5905AA8C-414C-48E0-8243-3DAB9C702A7F}.Release|Any CPU.ActiveCfg = Release|Any CPU
		{5905AA8C-414C-48E0-8243-3DAB9C702A7F}.Release|Any CPU.Build.0 = Release|Any CPU
		{3225312E-5E1B-48C7-9C5C-85DF9944025A}.Debug|Any CPU.ActiveCfg = Debug|Any CPU
		{3225312E-5E1B-48C7-9C5C-85DF9944025A}.Debug|Any CPU.Build.0 = Debug|Any CPU
		{3225312E-5E1B-48C7-9C5C-85DF9944025A}.Release|Any CPU.ActiveCfg = Release|Any CPU
		{3225312E-5E1B-48C7-9C5C-85DF9944025A}.Release|Any CPU.Build.0 = Release|Any CPU
		{7275A0A6-7F20-47AD-9F7A-22C4BA732504}.Debug|Any CPU.ActiveCfg = Debug|Any CPU
		{7275A0A6-7F20-47AD-9F7A-22C4BA732504}.Debug|Any CPU.Build.0 = Debug|Any CPU
		{7275A0A6-7F20-47AD-9F7A-22C4BA732504}.Release|Any CPU.ActiveCfg = Release|Any CPU
		{7275A0A6-7F20-47AD-9F7A-22C4BA732504}.Release|Any CPU.Build.0 = Release|Any CPU
		{8E4585D8-3397-4FD1-8E23-82545BF44E26}.Debug|Any CPU.ActiveCfg = Debug|Any CPU
		{8E4585D8-3397-4FD1-8E23-82545BF44E26}.Debug|Any CPU.Build.0 = Debug|Any CPU
		{8E4585D8-3397-4FD1-8E23-82545BF44E26}.Release|Any CPU.ActiveCfg = Release|Any CPU
		{8E4585D8-3397-4FD1-8E23-82545BF44E26}.Release|Any CPU.Build.0 = Release|Any CPU
		{AD8D2872-10AD-4ED0-999A-9EF7D4DD8EB0}.Debug|Any CPU.ActiveCfg = Debug|Any CPU
		{AD8D2872-10AD-4ED0-999A-9EF7D4DD8EB0}.Debug|Any CPU.Build.0 = Debug|Any CPU
		{AD8D2872-10AD-4ED0-999A-9EF7D4DD8EB0}.Release|Any CPU.ActiveCfg = Release|Any CPU
		{AD8D2872-10AD-4ED0-999A-9EF7D4DD8EB0}.Release|Any CPU.Build.0 = Release|Any CPU
		{50EDBD8A-0A5E-48EE-A9BA-BA490D852F64}.Debug|Any CPU.ActiveCfg = Debug|Any CPU
		{50EDBD8A-0A5E-48EE-A9BA-BA490D852F64}.Debug|Any CPU.Build.0 = Debug|Any CPU
		{50EDBD8A-0A5E-48EE-A9BA-BA490D852F64}.Release|Any CPU.ActiveCfg = Release|Any CPU
		{50EDBD8A-0A5E-48EE-A9BA-BA490D852F64}.Release|Any CPU.Build.0 = Release|Any CPU
		{097D690B-C845-4B16-9E6C-3846AD53C4F1}.Debug|Any CPU.ActiveCfg = Debug|Any CPU
		{097D690B-C845-4B16-9E6C-3846AD53C4F1}.Debug|Any CPU.Build.0 = Debug|Any CPU
		{097D690B-C845-4B16-9E6C-3846AD53C4F1}.Release|Any CPU.ActiveCfg = Release|Any CPU
		{097D690B-C845-4B16-9E6C-3846AD53C4F1}.Release|Any CPU.Build.0 = Release|Any CPU
		{AE672C11-B828-4D57-9F98-C6A9949DFECF}.Debug|Any CPU.ActiveCfg = Debug|Any CPU
		{AE672C11-B828-4D57-9F98-C6A9949DFECF}.Debug|Any CPU.Build.0 = Debug|Any CPU
		{AE672C11-B828-4D57-9F98-C6A9949DFECF}.Release|Any CPU.ActiveCfg = Release|Any CPU
		{AE672C11-B828-4D57-9F98-C6A9949DFECF}.Release|Any CPU.Build.0 = Release|Any CPU
		{F2B20275-9895-459B-8EDD-B6DE124D5EAD}.Debug|Any CPU.ActiveCfg = Debug|Any CPU
		{F2B20275-9895-459B-8EDD-B6DE124D5EAD}.Debug|Any CPU.Build.0 = Debug|Any CPU
		{F2B20275-9895-459B-8EDD-B6DE124D5EAD}.Release|Any CPU.ActiveCfg = Release|Any CPU
		{F2B20275-9895-459B-8EDD-B6DE124D5EAD}.Release|Any CPU.Build.0 = Release|Any CPU
		{EDEE2370-FD76-4212-B2F2-9A76F4883AED}.Debug|Any CPU.ActiveCfg = Debug|Any CPU
		{EDEE2370-FD76-4212-B2F2-9A76F4883AED}.Debug|Any CPU.Build.0 = Debug|Any CPU
		{EDEE2370-FD76-4212-B2F2-9A76F4883AED}.Release|Any CPU.ActiveCfg = Release|Any CPU
		{EDEE2370-FD76-4212-B2F2-9A76F4883AED}.Release|Any CPU.Build.0 = Release|Any CPU
		{79DA61EE-EE76-41C3-8D0B-6B973F3892CE}.Debug|Any CPU.ActiveCfg = Debug|Any CPU
		{79DA61EE-EE76-41C3-8D0B-6B973F3892CE}.Debug|Any CPU.Build.0 = Debug|Any CPU
		{79DA61EE-EE76-41C3-8D0B-6B973F3892CE}.Release|Any CPU.ActiveCfg = Release|Any CPU
		{79DA61EE-EE76-41C3-8D0B-6B973F3892CE}.Release|Any CPU.Build.0 = Release|Any CPU
		{C36B5696-BD2C-4892-82A4-25C8F9E4F180}.Debug|Any CPU.ActiveCfg = Debug|Any CPU
		{C36B5696-BD2C-4892-82A4-25C8F9E4F180}.Debug|Any CPU.Build.0 = Debug|Any CPU
		{C36B5696-BD2C-4892-82A4-25C8F9E4F180}.Release|Any CPU.ActiveCfg = Release|Any CPU
		{C36B5696-BD2C-4892-82A4-25C8F9E4F180}.Release|Any CPU.Build.0 = Release|Any CPU
		{9151545A-B782-4334-9230-ADD25F7CA62B}.Debug|Any CPU.ActiveCfg = Debug|Any CPU
		{9151545A-B782-4334-9230-ADD25F7CA62B}.Debug|Any CPU.Build.0 = Debug|Any CPU
		{9151545A-B782-4334-9230-ADD25F7CA62B}.Release|Any CPU.ActiveCfg = Release|Any CPU
		{9151545A-B782-4334-9230-ADD25F7CA62B}.Release|Any CPU.Build.0 = Release|Any CPU
		{06BA653F-4A8A-417F-AF06-C31E7436A813}.Debug|Any CPU.ActiveCfg = Debug|Any CPU
		{06BA653F-4A8A-417F-AF06-C31E7436A813}.Debug|Any CPU.Build.0 = Debug|Any CPU
		{06BA653F-4A8A-417F-AF06-C31E7436A813}.Release|Any CPU.ActiveCfg = Release|Any CPU
		{06BA653F-4A8A-417F-AF06-C31E7436A813}.Release|Any CPU.Build.0 = Release|Any CPU
	EndGlobalSection
EndGlobal
