
Microsoft Visual Studio Solution File, Format Version 12.00
Project("{FAE04EC0-301F-11D3-BF4B-00C04F79EFBC}") = "TgBot", "TgBot\TgBot.csproj", "{7FAFED44-0776-4CF1-8A1C-CDF32F2EEBAD}"
EndProject
Project("{FAE04EC0-301F-11D3-BF4B-00C04F79EFBC}") = "HttpRequestPlayground", "HttpRequestPlayground\HttpRequestPlayground.csproj", "{C24692EC-AC37-43E2-81D2-C25EA6A8AFBB}"
EndProject
Project("{FAE04EC0-301F-11D3-BF4B-00C04F79EFBC}") = "AutofacPlaygroundable", "AutofacPlaygroundable\AutofacPlaygroundable.csproj", "{5905AA8C-414C-48E0-8243-3DAB9C702A7F}"
EndProject
Project("{FAE04EC0-301F-11D3-BF4B-00C04F79EFBC}") = "ConsolePlayground", "ConsolePlayground\ConsolePlayground.csproj", "{3225312E-5E1B-48C7-9C5C-85DF9944025A}"
EndProject
Project("{FAE04EC0-301F-11D3-BF4B-00C04F79EFBC}") = "LoggingPlayground", "LoggingPlayground\LoggingPlayground.csproj", "{7275A0A6-7F20-47AD-9F7A-22C4BA732504}"
EndProject
Project("{FAE04EC0-301F-11D3-BF4B-00C04F79EFBC}") = "FfmpegPlayground", "FfmpegPlayground\FfmpegPlayground.csproj", "{8E4585D8-3397-4FD1-8E23-82545BF44E26}"
EndProject
Project("{2150E333-8FDC-42A3-9474-1A3956D46DE8}") = "Algorithms&DataStructures", "Algorithms&DataStructures", "{0ADF92BE-C60D-4ACC-A587-494B57394634}"
EndProject
Project("{2150E333-8FDC-42A3-9474-1A3956D46DE8}") = "DataStructures", "DataStructures", "{6CAEC985-9CA9-4B39-9041-C54E33D67F59}"
EndProject
Project("{FAE04EC0-301F-11D3-BF4B-00C04F79EFBC}") = "LinkedList", "LinkedList\LinkedList.csproj", "{7FE8216E-806E-485D-A91A-9EC4FBCFD006}"
EndProject
Project("{FAE04EC0-301F-11D3-BF4B-00C04F79EFBC}") = "DataStructures.Testing", "DataStructures.Testing\DataStructures.Testing.csproj", "{69CAE304-2A81-4BB3-83A7-04B4E24FD201}"
EndProject
Global
	GlobalSection(SolutionConfigurationPlatforms) = preSolution
		Debug|Any CPU = Debug|Any CPU
		Release|Any CPU = Release|Any CPU
	EndGlobalSection
	GlobalSection(ProjectConfigurationPlatforms) = postSolution
		{7FAFED44-0776-4CF1-8A1C-CDF32F2EEBAD}.Debug|Any CPU.ActiveCfg = Debug|Any CPU
		{7FAFED44-0776-4CF1-8A1C-CDF32F2EEBAD}.Debug|Any CPU.Build.0 = Debug|Any CPU
		{7FAFED44-0776-4CF1-8A1C-CDF32F2EEBAD}.Release|Any CPU.ActiveCfg = Release|Any CPU
		{7FAFED44-0776-4CF1-8A1C-CDF32F2EEBAD}.Release|Any CPU.Build.0 = Release|Any CPU
		{C24692EC-AC37-43E2-81D2-C25EA6A8AFBB}.Debug|Any CPU.ActiveCfg = Debug|Any CPU
		{C24692EC-AC37-43E2-81D2-C25EA6A8AFBB}.Debug|Any CPU.Build.0 = Debug|Any CPU
		{C24692EC-AC37-43E2-81D2-C25EA6A8AFBB}.Release|Any CPU.ActiveCfg = Release|Any CPU
		{C24692EC-AC37-43E2-81D2-C25EA6A8AFBB}.Release|Any CPU.Build.0 = Release|Any CPU
		{5905AA8C-414C-48E0-8243-3DAB9C702A7F}.Debug|Any CPU.ActiveCfg = Debug|Any CPU
		{5905AA8C-414C-48E0-8243-3DAB9C702A7F}.Debug|Any CPU.Build.0 = Debug|Any CPU
		{5905AA8C-414C-48E0-8243-3DAB9C702A7F}.Release|Any CPU.ActiveCfg = Release|Any CPU
		{5905AA8C-414C-48E0-8243-3DAB9C702A7F}.Release|Any CPU.Build.0 = Release|Any CPU
		{3225312E-5E1B-48C7-9C5C-85DF9944025A}.Debug|Any CPU.ActiveCfg = Debug|Any CPU
		{3225312E-5E1B-48C7-9C5C-85DF9944025A}.Debug|Any CPU.Build.0 = Debug|Any CPU
		{3225312E-5E1B-48C7-9C5C-85DF9944025A}.Release|Any CPU.ActiveCfg = Release|Any CPU
		{3225312E-5E1B-48C7-9C5C-85DF9944025A}.Release|Any CPU.Build.0 = Release|Any CPU
		{7275A0A6-7F20-47AD-9F7A-22C4BA732504}.Debug|Any CPU.ActiveCfg = Debug|Any CPU
		{7275A0A6-7F20-47AD-9F7A-22C4BA732504}.Debug|Any CPU.Build.0 = Debug|Any CPU
		{7275A0A6-7F20-47AD-9F7A-22C4BA732504}.Release|Any CPU.ActiveCfg = Release|Any CPU
		{7275A0A6-7F20-47AD-9F7A-22C4BA732504}.Release|Any CPU.Build.0 = Release|Any CPU
		{8E4585D8-3397-4FD1-8E23-82545BF44E26}.Debug|Any CPU.ActiveCfg = Debug|Any CPU
		{8E4585D8-3397-4FD1-8E23-82545BF44E26}.Debug|Any CPU.Build.0 = Debug|Any CPU
		{8E4585D8-3397-4FD1-8E23-82545BF44E26}.Release|Any CPU.ActiveCfg = Release|Any CPU
		{8E4585D8-3397-4FD1-8E23-82545BF44E26}.Release|Any CPU.Build.0 = Release|Any CPU
		{7FE8216E-806E-485D-A91A-9EC4FBCFD006}.Debug|Any CPU.ActiveCfg = Debug|Any CPU
		{7FE8216E-806E-485D-A91A-9EC4FBCFD006}.Debug|Any CPU.Build.0 = Debug|Any CPU
		{7FE8216E-806E-485D-A91A-9EC4FBCFD006}.Release|Any CPU.ActiveCfg = Release|Any CPU
		{7FE8216E-806E-485D-A91A-9EC4FBCFD006}.Release|Any CPU.Build.0 = Release|Any CPU
		{69CAE304-2A81-4BB3-83A7-04B4E24FD201}.Debug|Any CPU.ActiveCfg = Debug|Any CPU
		{69CAE304-2A81-4BB3-83A7-04B4E24FD201}.Debug|Any CPU.Build.0 = Debug|Any CPU
		{69CAE304-2A81-4BB3-83A7-04B4E24FD201}.Release|Any CPU.ActiveCfg = Release|Any CPU
		{69CAE304-2A81-4BB3-83A7-04B4E24FD201}.Release|Any CPU.Build.0 = Release|Any CPU
	EndGlobalSection
	GlobalSection(NestedProjects) = preSolution
		{6CAEC985-9CA9-4B39-9041-C54E33D67F59} = {0ADF92BE-C60D-4ACC-A587-494B57394634}
		{7FE8216E-806E-485D-A91A-9EC4FBCFD006} = {6CAEC985-9CA9-4B39-9041-C54E33D67F59}
		{69CAE304-2A81-4BB3-83A7-04B4E24FD201} = {6CAEC985-9CA9-4B39-9041-C54E33D67F59}
	EndGlobalSection
EndGlobal
